
Microsoft Visual Studio Solution File, Format Version 12.00
# Visual Studio Version 17
VisualStudioVersion = 17.12.35527.113
MinimumVisualStudioVersion = 10.0.40219.1
Project("{FAE04EC0-301F-11D3-BF4B-00C04F79EFBC}") = "UserAPI", "UserAPI\UserAPI.csproj", "{E8D829DE-0B48-48EA-8554-CDE97AD51234}"
EndProject
Project("{2150E333-8FDC-42A3-9474-1A3956D46DE8}") = "UserAPIService", "UserAPIService", "{E0860A5A-34BD-4D95-8ED8-C746FD6D9FC9}"
EndProject
Project("{FAE04EC0-301F-11D3-BF4B-00C04F79EFBC}") = "UserRepository", "UserRepository\UserRepository.csproj", "{AB99C411-8ED2-40BA-969A-D7BF0F70E6A5}"
EndProject
Project("{FAE04EC0-301F-11D3-BF4B-00C04F79EFBC}") = "UserService", "UserService\UserService.csproj", "{B96A9739-F457-4A1C-A0AE-275520BF4E64}"
EndProject
Project("{2150E333-8FDC-42A3-9474-1A3956D46DE8}") = "DealerAPIService", "DealerAPIService", "{76A67FEF-E92C-474E-9EB2-EAEEECB587B8}"
EndProject
Project("{FAE04EC0-301F-11D3-BF4B-00C04F79EFBC}") = "DealerAPI", "DealerAPI\DealerAPI.csproj", "{8C358D30-B4C0-4500-9C63-397A9902186E}"
EndProject
Project("{FAE04EC0-301F-11D3-BF4B-00C04F79EFBC}") = "DealerRepository", "DealerRepository\DealerRepository.csproj", "{AD7DD7E6-49FF-40FC-9884-F025BB6A4CC8}"
EndProject
Project("{FAE04EC0-301F-11D3-BF4B-00C04F79EFBC}") = "DealerService", "DealerService\DealerService.csproj", "{527C6A60-A720-4AC0-9C76-43BBF9ABB0F8}"
EndProject
Project("{2150E333-8FDC-42A3-9474-1A3956D46DE8}") = "OrderAPIService", "OrderAPIService", "{D241CB55-092C-4D48-BBEF-FFF7B782EFDB}"
EndProject
Project("{FAE04EC0-301F-11D3-BF4B-00C04F79EFBC}") = "OrderAPI", "OrderAPI\OrderAPI.csproj", "{7F31C194-DC7A-425F-A96C-F083E8CD7D43}"
EndProject
Project("{FAE04EC0-301F-11D3-BF4B-00C04F79EFBC}") = "OrderRepository", "OrderRepository\OrderRepository.csproj", "{1D6A43EF-5461-4E68-AC21-41C257D7B2AF}"
EndProject
Project("{FAE04EC0-301F-11D3-BF4B-00C04F79EFBC}") = "OrderService", "OrderService\OrderService.csproj", "{8D305A2C-3664-4770-AA48-C16406C13111}"
EndProject
Project("{2150E333-8FDC-42A3-9474-1A3956D46DE8}") = "AllocationAPIService", "AllocationAPIService", "{A88B3A83-828A-4D49-B2C5-37BAFE137272}"
EndProject
Project("{FAE04EC0-301F-11D3-BF4B-00C04F79EFBC}") = "AllocationAPI", "AllocationAPI\AllocationAPI.csproj", "{1B442CCF-9C66-4BAB-B2FA-1049F6FE6459}"
EndProject
Project("{FAE04EC0-301F-11D3-BF4B-00C04F79EFBC}") = "AllocationRepository", "AllocationRepository\AllocationRepository.csproj", "{BD599A3E-30C5-45F7-9A44-7A9719887A41}"
EndProject
Project("{FAE04EC0-301F-11D3-BF4B-00C04F79EFBC}") = "AllocationService", "AllocationService\AllocationService.csproj", "{E4A1933D-A522-4DD7-8668-0905E274AE89}"
EndProject
Project("{2150E333-8FDC-42A3-9474-1A3956D46DE8}") = "ShareService", "ShareService", "{01A16B83-2A56-459A-8115-565A766E7CE3}"
EndProject
Project("{FAE04EC0-301F-11D3-BF4B-00C04F79EFBC}") = "Share", "Share\Share.csproj", "{147608E1-7A0C-4AF5-9FBF-D18549DF7338}"
EndProject
Global
	GlobalSection(SolutionConfigurationPlatforms) = preSolution
		Debug|Any CPU = Debug|Any CPU
		Release|Any CPU = Release|Any CPU
	EndGlobalSection
	GlobalSection(ProjectConfigurationPlatforms) = postSolution
		{E8D829DE-0B48-48EA-8554-CDE97AD51234}.Debug|Any CPU.ActiveCfg = Debug|Any CPU
		{E8D829DE-0B48-48EA-8554-CDE97AD51234}.Debug|Any CPU.Build.0 = Debug|Any CPU
		{E8D829DE-0B48-48EA-8554-CDE97AD51234}.Release|Any CPU.ActiveCfg = Release|Any CPU
		{E8D829DE-0B48-48EA-8554-CDE97AD51234}.Release|Any CPU.Build.0 = Release|Any CPU
		{AB99C411-8ED2-40BA-969A-D7BF0F70E6A5}.Debug|Any CPU.ActiveCfg = Debug|Any CPU
		{AB99C411-8ED2-40BA-969A-D7BF0F70E6A5}.Debug|Any CPU.Build.0 = Debug|Any CPU
		{AB99C411-8ED2-40BA-969A-D7BF0F70E6A5}.Release|Any CPU.ActiveCfg = Release|Any CPU
		{AB99C411-8ED2-40BA-969A-D7BF0F70E6A5}.Release|Any CPU.Build.0 = Release|Any CPU
		{B96A9739-F457-4A1C-A0AE-275520BF4E64}.Debug|Any CPU.ActiveCfg = Debug|Any CPU
		{B96A9739-F457-4A1C-A0AE-275520BF4E64}.Debug|Any CPU.Build.0 = Debug|Any CPU
		{B96A9739-F457-4A1C-A0AE-275520BF4E64}.Release|Any CPU.ActiveCfg = Release|Any CPU
		{B96A9739-F457-4A1C-A0AE-275520BF4E64}.Release|Any CPU.Build.0 = Release|Any CPU
		{8C358D30-B4C0-4500-9C63-397A9902186E}.Debug|Any CPU.ActiveCfg = Debug|Any CPU
		{8C358D30-B4C0-4500-9C63-397A9902186E}.Debug|Any CPU.Build.0 = Debug|Any CPU
		{8C358D30-B4C0-4500-9C63-397A9902186E}.Release|Any CPU.ActiveCfg = Release|Any CPU
		{8C358D30-B4C0-4500-9C63-397A9902186E}.Release|Any CPU.Build.0 = Release|Any CPU
		{AD7DD7E6-49FF-40FC-9884-F025BB6A4CC8}.Debug|Any CPU.ActiveCfg = Debug|Any CPU
		{AD7DD7E6-49FF-40FC-9884-F025BB6A4CC8}.Debug|Any CPU.Build.0 = Debug|Any CPU
		{AD7DD7E6-49FF-40FC-9884-F025BB6A4CC8}.Release|Any CPU.ActiveCfg = Release|Any CPU
		{AD7DD7E6-49FF-40FC-9884-F025BB6A4CC8}.Release|Any CPU.Build.0 = Release|Any CPU
		{527C6A60-A720-4AC0-9C76-43BBF9ABB0F8}.Debug|Any CPU.ActiveCfg = Debug|Any CPU
		{527C6A60-A720-4AC0-9C76-43BBF9ABB0F8}.Debug|Any CPU.Build.0 = Debug|Any CPU
		{527C6A60-A720-4AC0-9C76-43BBF9ABB0F8}.Release|Any CPU.ActiveCfg = Release|Any CPU
		{527C6A60-A720-4AC0-9C76-43BBF9ABB0F8}.Release|Any CPU.Build.0 = Release|Any CPU
		{7F31C194-DC7A-425F-A96C-F083E8CD7D43}.Debug|Any CPU.ActiveCfg = Debug|Any CPU
		{7F31C194-DC7A-425F-A96C-F083E8CD7D43}.Debug|Any CPU.Build.0 = Debug|Any CPU
		{7F31C194-DC7A-425F-A96C-F083E8CD7D43}.Release|Any CPU.ActiveCfg = Release|Any CPU
		{7F31C194-DC7A-425F-A96C-F083E8CD7D43}.Release|Any CPU.Build.0 = Release|Any CPU
		{1D6A43EF-5461-4E68-AC21-41C257D7B2AF}.Debug|Any CPU.ActiveCfg = Debug|Any CPU
		{1D6A43EF-5461-4E68-AC21-41C257D7B2AF}.Debug|Any CPU.Build.0 = Debug|Any CPU
		{1D6A43EF-5461-4E68-AC21-41C257D7B2AF}.Release|Any CPU.ActiveCfg = Release|Any CPU
		{1D6A43EF-5461-4E68-AC21-41C257D7B2AF}.Release|Any CPU.Build.0 = Release|Any CPU
		{8D305A2C-3664-4770-AA48-C16406C13111}.Debug|Any CPU.ActiveCfg = Debug|Any CPU
		{8D305A2C-3664-4770-AA48-C16406C13111}.Debug|Any CPU.Build.0 = Debug|Any CPU
		{8D305A2C-3664-4770-AA48-C16406C13111}.Release|Any CPU.ActiveCfg = Release|Any CPU
		{8D305A2C-3664-4770-AA48-C16406C13111}.Release|Any CPU.Build.0 = Release|Any CPU
		{1B442CCF-9C66-4BAB-B2FA-1049F6FE6459}.Debug|Any CPU.ActiveCfg = Debug|Any CPU
		{1B442CCF-9C66-4BAB-B2FA-1049F6FE6459}.Debug|Any CPU.Build.0 = Debug|Any CPU
		{1B442CCF-9C66-4BAB-B2FA-1049F6FE6459}.Release|Any CPU.ActiveCfg = Release|Any CPU
		{1B442CCF-9C66-4BAB-B2FA-1049F6FE6459}.Release|Any CPU.Build.0 = Release|Any CPU
		{BD599A3E-30C5-45F7-9A44-7A9719887A41}.Debug|Any CPU.ActiveCfg = Debug|Any CPU
		{BD599A3E-30C5-45F7-9A44-7A9719887A41}.Debug|Any CPU.Build.0 = Debug|Any CPU
		{BD599A3E-30C5-45F7-9A44-7A9719887A41}.Release|Any CPU.ActiveCfg = Release|Any CPU
		{BD599A3E-30C5-45F7-9A44-7A9719887A41}.Release|Any CPU.Build.0 = Release|Any CPU
		{E4A1933D-A522-4DD7-8668-0905E274AE89}.Debug|Any CPU.ActiveCfg = Debug|Any CPU
		{E4A1933D-A522-4DD7-8668-0905E274AE89}.Debug|Any CPU.Build.0 = Debug|Any CPU
		{E4A1933D-A522-4DD7-8668-0905E274AE89}.Release|Any CPU.ActiveCfg = Release|Any CPU
		{E4A1933D-A522-4DD7-8668-0905E274AE89}.Release|Any CPU.Build.0 = Release|Any CPU
		{147608E1-7A0C-4AF5-9FBF-D18549DF7338}.Debug|Any CPU.ActiveCfg = Debug|Any CPU
		{147608E1-7A0C-4AF5-9FBF-D18549DF7338}.Debug|Any CPU.Build.0 = Debug|Any CPU
		{147608E1-7A0C-4AF5-9FBF-D18549DF7338}.Release|Any CPU.ActiveCfg = Release|Any CPU
		{147608E1-7A0C-4AF5-9FBF-D18549DF7338}.Release|Any CPU.Build.0 = Release|Any CPU
	EndGlobalSection
	GlobalSection(SolutionProperties) = preSolution
		HideSolutionNode = FALSE
	EndGlobalSection
	GlobalSection(NestedProjects) = preSolution
		{E8D829DE-0B48-48EA-8554-CDE97AD51234} = {E0860A5A-34BD-4D95-8ED8-C746FD6D9FC9}
		{AB99C411-8ED2-40BA-969A-D7BF0F70E6A5} = {E0860A5A-34BD-4D95-8ED8-C746FD6D9FC9}
		{B96A9739-F457-4A1C-A0AE-275520BF4E64} = {E0860A5A-34BD-4D95-8ED8-C746FD6D9FC9}
		{8C358D30-B4C0-4500-9C63-397A9902186E} = {76A67FEF-E92C-474E-9EB2-EAEEECB587B8}
		{AD7DD7E6-49FF-40FC-9884-F025BB6A4CC8} = {76A67FEF-E92C-474E-9EB2-EAEEECB587B8}
		{527C6A60-A720-4AC0-9C76-43BBF9ABB0F8} = {76A67FEF-E92C-474E-9EB2-EAEEECB587B8}
		{7F31C194-DC7A-425F-A96C-F083E8CD7D43} = {D241CB55-092C-4D48-BBEF-FFF7B782EFDB}
		{1D6A43EF-5461-4E68-AC21-41C257D7B2AF} = {D241CB55-092C-4D48-BBEF-FFF7B782EFDB}
		{8D305A2C-3664-4770-AA48-C16406C13111} = {D241CB55-092C-4D48-BBEF-FFF7B782EFDB}
		{1B442CCF-9C66-4BAB-B2FA-1049F6FE6459} = {A88B3A83-828A-4D49-B2C5-37BAFE137272}
		{BD599A3E-30C5-45F7-9A44-7A9719887A41} = {A88B3A83-828A-4D49-B2C5-37BAFE137272}
		{E4A1933D-A522-4DD7-8668-0905E274AE89} = {A88B3A83-828A-4D49-B2C5-37BAFE137272}
		{147608E1-7A0C-4AF5-9FBF-D18549DF7338} = {01A16B83-2A56-459A-8115-565A766E7CE3}
	EndGlobalSection
EndGlobal
